
Microsoft Visual Studio Solution File, Format Version 12.00
# Visual Studio Version 17
VisualStudioVersion = 17.7.34009.444
MinimumVisualStudioVersion = 10.0.40219.1
Project("{FAE04EC0-301F-11D3-BF4B-00C04F79EFBC}") = "WinFormsTask", "WinFormsTask\WinFormsTask.csproj", "{B78ADDF5-6885-4A14-8ECC-893056B17538}"
EndProject
Global
	GlobalSection(SolutionConfigurationPlatforms) = preSolution
		Debug|Any CPU = Debug|Any CPU
		Release|Any CPU = Release|Any CPU
	EndGlobalSection
	GlobalSection(ProjectConfigurationPlatforms) = postSolution
		{B78ADDF5-6885-4A14-8ECC-893056B17538}.Debug|Any CPU.ActiveCfg = Debug|Any CPU
		{B78ADDF5-6885-4A14-8ECC-893056B17538}.Debug|Any CPU.Build.0 = Debug|Any CPU
		{B78ADDF5-6885-4A14-8ECC-893056B17538}.Release|Any CPU.ActiveCfg = Release|Any CPU
		{B78ADDF5-6885-4A14-8ECC-893056B17538}.Release|Any CPU.Build.0 = Release|Any CPU
	EndGlobalSection
	GlobalSection(SolutionProperties) = preSolution
		HideSolutionNode = FALSE
	EndGlobalSection
	GlobalSection(ExtensibilityGlobals) = postSolution
		SolutionGuid = {930AE2D2-E019-4515-9693-4B9252F70632}
	EndGlobalSection
EndGlobal
